
Microsoft Visual Studio Solution File, Format Version 12.00
# Visual Studio Version 17
VisualStudioVersion = 17.4.33205.214
MinimumVisualStudioVersion = 10.0.40219.1
Project("{9A19103F-16F7-4668-BE54-9A1E7A4F7556}") = "QuickTickets.Api", "QuickTickets.Api\QuickTickets.Api.csproj", "{6D953C0D-9037-49EA-A7DD-6408490A1E3B}"
EndProject
Project("{FAE04EC0-301F-11D3-BF4B-00C04F79EFBC}") = "QuickTickets.Tests", "..\QuickTickets.Tests\QuickTickets.Tests.csproj", "{FD0E6269-FB6A-42D6-9E0F-523110038499}"
EndProject
Global
	GlobalSection(SolutionConfigurationPlatforms) = preSolution
		Debug|Any CPU = Debug|Any CPU
		Release|Any CPU = Release|Any CPU
	EndGlobalSection
	GlobalSection(ProjectConfigurationPlatforms) = postSolution
		{6D953C0D-9037-49EA-A7DD-6408490A1E3B}.Debug|Any CPU.ActiveCfg = Debug|Any CPU
		{6D953C0D-9037-49EA-A7DD-6408490A1E3B}.Debug|Any CPU.Build.0 = Debug|Any CPU
		{6D953C0D-9037-49EA-A7DD-6408490A1E3B}.Release|Any CPU.ActiveCfg = Release|Any CPU
		{6D953C0D-9037-49EA-A7DD-6408490A1E3B}.Release|Any CPU.Build.0 = Release|Any CPU
		{FD0E6269-FB6A-42D6-9E0F-523110038499}.Debug|Any CPU.ActiveCfg = Debug|Any CPU
		{FD0E6269-FB6A-42D6-9E0F-523110038499}.Debug|Any CPU.Build.0 = Debug|Any CPU
		{FD0E6269-FB6A-42D6-9E0F-523110038499}.Release|Any CPU.ActiveCfg = Release|Any CPU
		{FD0E6269-FB6A-42D6-9E0F-523110038499}.Release|Any CPU.Build.0 = Release|Any CPU
	EndGlobalSection
	GlobalSection(SolutionProperties) = preSolution
		HideSolutionNode = FALSE
	EndGlobalSection
	GlobalSection(ExtensibilityGlobals) = postSolution
		SolutionGuid = {D6C23EDA-7436-4042-BE05-C5B4E1293259}
	EndGlobalSection
EndGlobal
